
Microsoft Visual Studio Solution File, Format Version 12.00
# Visual Studio 2012
Project("{E24C65DC-7377-472B-9ABA-BC803B73C61A}") = "Url(Http)-ASPdotNet-Sample-Code-1393-8-17", ".", "{EADFE384-AB3E-446C-B14D-169B7557E763}"
	ProjectSection(WebsiteProperties) = preProject
		TargetFrameworkMoniker = ".NETFramework,Version%3Dv3.5"
		Debug.AspNetCompiler.VirtualPath = "/Url(Http)-ASPdotNet-Sample-Code-1393-8-17"
		Debug.AspNetCompiler.PhysicalPath = "..\Url(Http)-ASPdotNet-Sample-Code-1393-8-17\"
		Debug.AspNetCompiler.TargetPath = "PrecompiledWeb\Url(Http)-ASPdotNet-Sample-Code-1393-8-17\"
		Debug.AspNetCompiler.Updateable = "true"
		Debug.AspNetCompiler.ForceOverwrite = "true"
		Debug.AspNetCompiler.FixedNames = "false"
		Debug.AspNetCompiler.Debug = "True"
		Release.AspNetCompiler.VirtualPath = "/Url(Http)-ASPdotNet-Sample-Code-1393-8-17"
		Release.AspNetCompiler.PhysicalPath = "..\Url(Http)-ASPdotNet-Sample-Code-1393-8-17\"
		Release.AspNetCompiler.TargetPath = "PrecompiledWeb\Url(Http)-ASPdotNet-Sample-Code-1393-8-17\"
		Release.AspNetCompiler.Updateable = "true"
		Release.AspNetCompiler.ForceOverwrite = "true"
		Release.AspNetCompiler.FixedNames = "false"
		Release.AspNetCompiler.Debug = "False"
		VWDPort = "2618"
		VWDVirtualPath = "/"
	EndProjectSection
EndProject
Global
	GlobalSection(SolutionConfigurationPlatforms) = preSolution
		Debug|Any CPU = Debug|Any CPU
	EndGlobalSection
	GlobalSection(ProjectConfigurationPlatforms) = postSolution
		{EADFE384-AB3E-446C-B14D-169B7557E763}.Debug|Any CPU.ActiveCfg = Debug|Any CPU
		{EADFE384-AB3E-446C-B14D-169B7557E763}.Debug|Any CPU.Build.0 = Debug|Any CPU
	EndGlobalSection
	GlobalSection(SolutionProperties) = preSolution
		HideSolutionNode = FALSE
	EndGlobalSection
EndGlobal
