
Microsoft Visual Studio Solution File, Format Version 12.00
# Visual Studio 2012
Project("{E24C65DC-7377-472B-9ABA-BC803B73C61A}") = "Url(Http)SMSWS-ASPdotNet-VB-Sample-Code-1393-8-18", ".", "{B4470E42-63DE-49EE-988C-C746DFD6A925}"
	ProjectSection(WebsiteProperties) = preProject
		TargetFrameworkMoniker = ".NETFramework,Version%3Dv4.5"
		Debug.AspNetCompiler.VirtualPath = "/Url(Http)SMSWS-ASPdotNet-VB-Sample-Code-1393-8-18"
		Debug.AspNetCompiler.PhysicalPath = "..\Url(Http)SMSWS-ASPdotNet-VB-Sample-Code-1393-8-18\"
		Debug.AspNetCompiler.TargetPath = "PrecompiledWeb\Url(Http)SMSWS-ASPdotNet-VB-Sample-Code-1393-8-18\"
		Debug.AspNetCompiler.Updateable = "true"
		Debug.AspNetCompiler.ForceOverwrite = "true"
		Debug.AspNetCompiler.FixedNames = "false"
		Debug.AspNetCompiler.Debug = "True"
		Release.AspNetCompiler.VirtualPath = "/Url(Http)SMSWS-ASPdotNet-VB-Sample-Code-1393-8-18"
		Release.AspNetCompiler.PhysicalPath = "..\Url(Http)SMSWS-ASPdotNet-VB-Sample-Code-1393-8-18\"
		Release.AspNetCompiler.TargetPath = "PrecompiledWeb\Url(Http)SMSWS-ASPdotNet-VB-Sample-Code-1393-8-18\"
		Release.AspNetCompiler.Updateable = "true"
		Release.AspNetCompiler.ForceOverwrite = "true"
		Release.AspNetCompiler.FixedNames = "false"
		Release.AspNetCompiler.Debug = "False"
		VWDPort = "3401"
		VWDVirtualPath = "/"
	EndProjectSection
EndProject
Global
	GlobalSection(SolutionConfigurationPlatforms) = preSolution
		Debug|Any CPU = Debug|Any CPU
	EndGlobalSection
	GlobalSection(ProjectConfigurationPlatforms) = postSolution
		{B4470E42-63DE-49EE-988C-C746DFD6A925}.Debug|Any CPU.ActiveCfg = Debug|Any CPU
		{B4470E42-63DE-49EE-988C-C746DFD6A925}.Debug|Any CPU.Build.0 = Debug|Any CPU
	EndGlobalSection
	GlobalSection(SolutionProperties) = preSolution
		HideSolutionNode = FALSE
	EndGlobalSection
EndGlobal
